
PODS:
- CocoaAsyncSocket (0.0.1)
- CocoaHTTPServer (2.3):
  - CocoaAsyncSocket (~> 0.0.1)
  - CocoaLumberjack
- CocoaLumberjack (1.6)

DEPENDENCIES:
- CocoaHTTPServer (= 2.3)

SPEC CHECKSUMS:
  CocoaAsyncSocket: 70f5de3c1ba13526c23df75fc98a0ea3049aa19c
  CocoaHTTPServer: fae57be1739ba20b8b3e106d088e3dd55b12beb5
  CocoaLumberjack: 0f2fa7090a23f13261072d882e017c688300efbe

COCOAPODS: 0.16.4
